
Microsoft Visual Studio Solution File, Format Version 12.00
# Visual Studio Version 17
VisualStudioVersion = 17.6.33723.286
MinimumVisualStudioVersion = 10.0.40219.1
Project("{888888A0-9F3D-457C-B088-3A5042F75D52}") = "TFG", "TFG\TFG.pyproj", "{A38FDE7D-D2EC-4107-9287-3D957C3B4A9A}"
EndProject
Global
	GlobalSection(SolutionConfigurationPlatforms) = preSolution
		Debug|Any CPU = Debug|Any CPU
		Release|Any CPU = Release|Any CPU
	EndGlobalSection
	GlobalSection(ProjectConfigurationPlatforms) = postSolution
		{A38FDE7D-D2EC-4107-9287-3D957C3B4A9A}.Debug|Any CPU.ActiveCfg = Debug|Any CPU
		{A38FDE7D-D2EC-4107-9287-3D957C3B4A9A}.Release|Any CPU.ActiveCfg = Release|Any CPU
	EndGlobalSection
	GlobalSection(SolutionProperties) = preSolution
		HideSolutionNode = FALSE
	EndGlobalSection
	GlobalSection(ExtensibilityGlobals) = postSolution
		SolutionGuid = {A4ABC395-6AB8-490B-8BD3-789035B19D33}
	EndGlobalSection
EndGlobal
